PODS:
  - SNExceptionGuarder (0.0.3)

DEPENDENCIES:
  - SNExceptionGuarder (from `.`)

EXTERNAL SOURCES:
  SNExceptionGuarder:
    :path: "."

SPEC CHECKSUMS:
  SNExceptionGuarder: c95cb4f62c174cf8f179b29a27c8f1641c2dbcf3

PODFILE CHECKSUM: f7340f3198d8dfa98d417edaa08c794477c3aa70

COCOAPODS: 1.5.3
