// !$*UTF8*$!
{
	archiveVersion = 1;
	classes = {
	};
	objectVersion = 50;
	objects = {

/* Begin PBXBuildFile section */
		7195211F2200043000624CB4 /* AppDelegate.m in Sources */ = {isa = PBXBuildFile; fileRef = 7195211E2200043000624CB4 /* AppDelegate.m */; };
		719521222200043000624CB4 /* ViewController.m in Sources */ = {isa = PBXBuildFile; fileRef = 719521212200043000624CB4 /* ViewController.m */; };
		719521252200043000624CB4 /* Main.storyboard in Resources */ = {isa = PBXBuildFile; fileRef = 719521232200043000624CB4 /* Main.storyboard */; };
		719521272200043100624CB4 /* Assets.xcassets in Resources */ = {isa = PBXBuildFile; fileRef = 719521262200043100624CB4 /* Assets.xcassets */; };
		7195212A2200043100624CB4 /* LaunchScreen.storyboard in Resources */ = {isa = PBXBuildFile; fileRef = 719521282200043100624CB4 /* LaunchScreen.storyboard */; };
		7195212D2200043100624CB4 /* main.m in Sources */ = {isa = PBXBuildFile; fileRef = 7195212C2200043100624CB4 /* main.m */; };
		719521372200043100624CB4 /* SNExceptionGuarderDemoTests.m in Sources */ = {isa = PBXBuildFile; fileRef = 719521362200043100624CB4 /* SNExceptionGuarderDemoTests.m */; };
		719521572200051100624CB4 /* NSMutableArray+SNExceptionGuarder.m in Sources */ = {isa = PBXBuildFile; fileRef = 719521422200051100624CB4 /* NSMutableArray+SNExceptionGuarder.m */; };
		719521582200051100624CB4 /* NSObject+SNSwizzle.m in Sources */ = {isa = PBXBuildFile; fileRef = 719521442200051100624CB4 /* NSObject+SNSwizzle.m */; };
		719521592200051100624CB4 /* NSObject+SNExceptionGuarder.m in Sources */ = {isa = PBXBuildFile; fileRef = 719521472200051100624CB4 /* NSObject+SNExceptionGuarder.m */; };
		7195215A2200051100624CB4 /* NSMutableDictionary+SNExceptionGuarder.m in Sources */ = {isa = PBXBuildFile; fileRef = 719521492200051100624CB4 /* NSMutableDictionary+SNExceptionGuarder.m */; };
		7195215B2200051100624CB4 /* SNExceptionGuarder.m in Sources */ = {isa = PBXBuildFile; fileRef = 7195214A2200051100624CB4 /* SNExceptionGuarder.m */; };
		7195215C2200051100624CB4 /* NSMutableString+SNExceptionGuarder.m in Sources */ = {isa = PBXBuildFile; fileRef = 7195214B2200051100624CB4 /* NSMutableString+SNExceptionGuarder.m */; };
		7195215D2200051100624CB4 /* SNExceptionGuarderProxy.m in Sources */ = {isa = PBXBuildFile; fileRef = 7195214D2200051100624CB4 /* SNExceptionGuarderProxy.m */; };
		7195215E2200051100624CB4 /* NSArray+SNExceptionGuarder.m in Sources */ = {isa = PBXBuildFile; fileRef = 7195214F2200051100624CB4 /* NSArray+SNExceptionGuarder.m */; };
		7195215F2200051100624CB4 /* NSDictionary+SNExceptionGuarder.m in Sources */ = {isa = PBXBuildFile; fileRef = 719521502200051100624CB4 /* NSDictionary+SNExceptionGuarder.m */; };
		719521602200051100624CB4 /* NSString+SNExceptionGuarder.m in Sources */ = {isa = PBXBuildFile; fileRef = 719521522200051100624CB4 /* NSString+SNExceptionGuarder.m */; };
/* End PBXBuildFile section */

/* Begin PBXContainerItemProxy section */
		719521332200043100624CB4 /* PBXContainerItemProxy */ = {
			isa = PBXContainerItemProxy;
			containerPortal = 719521122200043000624CB4 /* Project object */;
			proxyType = 1;
			remoteGlobalIDString = 719521192200043000624CB4;
			remoteInfo = SNExceptionGuarderDemo;
		};
/* End PBXContainerItemProxy section */

/* Begin PBXFileReference section */
		7195211A2200043000624CB4 /* SNExceptionGuarderDemo.app */ = {isa = PBXFileReference; explicitFileType = wrapper.application; includeInIndex = 0; path = SNExceptionGuarderDemo.app; sourceTree = BUILT_PRODUCTS_DIR; };
		7195211D2200043000624CB4 /* AppDelegate.h */ = {isa = PBXFileReference; lastKnownFileType = sourcecode.c.h; path = AppDelegate.h; sourceTree = "<group>"; };
		7195211E2200043000624CB4 /* AppDelegate.m */ = {isa = PBXFileReference; lastKnownFileType = sourcecode.c.objc; path = AppDelegate.m; sourceTree = "<group>"; };
		719521202200043000624CB4 /* ViewController.h */ = {isa = PBXFileReference; lastKnownFileType = sourcecode.c.h; path = ViewController.h; sourceTree = "<group>"; };
		719521212200043000624CB4 /* ViewController.m */ = {isa = PBXFileReference; lastKnownFileType = sourcecode.c.objc; path = ViewController.m; sourceTree = "<group>"; };
		719521242200043000624CB4 /* Base */ = {isa = PBXFileReference; lastKnownFileType = file.storyboard; name = Base; path = Base.lproj/Main.storyboard; sourceTree = "<group>"; };
		719521262200043100624CB4 /* Assets.xcassets */ = {isa = PBXFileReference; lastKnownFileType = folder.assetcatalog; path = Assets.xcassets; sourceTree = "<group>"; };
		719521292200043100624CB4 /* Base */ = {isa = PBXFileReference; lastKnownFileType = file.storyboard; name = Base; path = Base.lproj/LaunchScreen.storyboard; sourceTree = "<group>"; };
		7195212B2200043100624CB4 /* Info.plist */ = {isa = PBXFileReference; lastKnownFileType = text.plist.xml; path = Info.plist; sourceTree = "<group>"; };
		7195212C2200043100624CB4 /* main.m */ = {isa = PBXFileReference; lastKnownFileType = sourcecode.c.objc; path = main.m; sourceTree = "<group>"; };
		719521322200043100624CB4 /* SNExceptionGuarderDemoTests.xctest */ = {isa = PBXFileReference; explicitFileType = wrapper.cfbundle; includeInIndex = 0; path = SNExceptionGuarderDemoTests.xctest; sourceTree = BUILT_PRODUCTS_DIR; };
		719521362200043100624CB4 /* SNExceptionGuarderDemoTests.m */ = {isa = PBXFileReference; lastKnownFileType = sourcecode.c.objc; path = SNExceptionGuarderDemoTests.m; sourceTree = "<group>"; };
		719521382200043100624CB4 /* Info.plist */ = {isa = PBXFileReference; lastKnownFileType = text.plist.xml; path = Info.plist; sourceTree = "<group>"; };
		719521422200051100624CB4 /* NSMutableArray+SNExceptionGuarder.m */ = {isa = PBXFileReference; fileEncoding = 4; lastKnownFileType = sourcecode.c.objc; path = "NSMutableArray+SNExceptionGuarder.m"; sourceTree = "<group>"; };
		719521432200051100624CB4 /* SNExceptionGuarderProxy.h */ = {isa = PBXFileReference; fileEncoding = 4; lastKnownFileType = sourcecode.c.h; path = SNExceptionGuarderProxy.h; sourceTree = "<group>"; };
		719521442200051100624CB4 /* NSObject+SNSwizzle.m */ = {isa = PBXFileReference; fileEncoding = 4; lastKnownFileType = sourcecode.c.objc; path = "NSObject+SNSwizzle.m"; sourceTree = "<group>"; };
		719521452200051100624CB4 /* NSDictionary+SNExceptionGuarder.h */ = {isa = PBXFileReference; fileEncoding = 4; lastKnownFileType = sourcecode.c.h; path = "NSDictionary+SNExceptionGuarder.h"; sourceTree = "<group>"; };
		719521462200051100624CB4 /* NSArray+SNExceptionGuarder.h */ = {isa = PBXFileReference; fileEncoding = 4; lastKnownFileType = sourcecode.c.h; path = "NSArray+SNExceptionGuarder.h"; sourceTree = "<group>"; };
		719521472200051100624CB4 /* NSObject+SNExceptionGuarder.m */ = {isa = PBXFileReference; fileEncoding = 4; lastKnownFileType = sourcecode.c.objc; path = "NSObject+SNExceptionGuarder.m"; sourceTree = "<group>"; };
		719521482200051100624CB4 /* NSString+SNExceptionGuarder.h */ = {isa = PBXFileReference; fileEncoding = 4; lastKnownFileType = sourcecode.c.h; path = "NSString+SNExceptionGuarder.h"; sourceTree = "<group>"; };
		719521492200051100624CB4 /* NSMutableDictionary+SNExceptionGuarder.m */ = {isa = PBXFileReference; fileEncoding = 4; lastKnownFileType = sourcecode.c.objc; path = "NSMutableDictionary+SNExceptionGuarder.m"; sourceTree = "<group>"; };
		7195214A2200051100624CB4 /* SNExceptionGuarder.m */ = {isa = PBXFileReference; fileEncoding = 4; lastKnownFileType = sourcecode.c.objc; path = SNExceptionGuarder.m; sourceTree = "<group>"; };
		7195214B2200051100624CB4 /* NSMutableString+SNExceptionGuarder.m */ = {isa = PBXFileReference; fileEncoding = 4; lastKnownFileType = sourcecode.c.objc; path = "NSMutableString+SNExceptionGuarder.m"; sourceTree = "<group>"; };
		7195214C2200051100624CB4 /* NSObject+SNSwizzle.h */ = {isa = PBXFileReference; fileEncoding = 4; lastKnownFileType = sourcecode.c.h; path = "NSObject+SNSwizzle.h"; sourceTree = "<group>"; };
		7195214D2200051100624CB4 /* SNExceptionGuarderProxy.m */ = {isa = PBXFileReference; fileEncoding = 4; lastKnownFileType = sourcecode.c.objc; path = SNExceptionGuarderProxy.m; sourceTree = "<group>"; };
		7195214E2200051100624CB4 /* NSMutableArray+SNExceptionGuarder.h */ = {isa = PBXFileReference; fileEncoding = 4; lastKnownFileType = sourcecode.c.h; path = "NSMutableArray+SNExceptionGuarder.h"; sourceTree = "<group>"; };
		7195214F2200051100624CB4 /* NSArray+SNExceptionGuarder.m */ = {isa = PBXFileReference; fileEncoding = 4; lastKnownFileType = sourcecode.c.objc; path = "NSArray+SNExceptionGuarder.m"; sourceTree = "<group>"; };
		719521502200051100624CB4 /* NSDictionary+SNExceptionGuarder.m */ = {isa = PBXFileReference; fileEncoding = 4; lastKnownFileType = sourcecode.c.objc; path = "NSDictionary+SNExceptionGuarder.m"; sourceTree = "<group>"; };
		719521512200051100624CB4 /* NSMutableDictionary+SNExceptionGuarder.h */ = {isa = PBXFileReference; fileEncoding = 4; lastKnownFileType = sourcecode.c.h; path = "NSMutableDictionary+SNExceptionGuarder.h"; sourceTree = "<group>"; };
		719521522200051100624CB4 /* NSString+SNExceptionGuarder.m */ = {isa = PBXFileReference; fileEncoding = 4; lastKnownFileType = sourcecode.c.objc; path = "NSString+SNExceptionGuarder.m"; sourceTree = "<group>"; };
		719521532200051100624CB4 /* NSObject+SNExceptionGuarder.h */ = {isa = PBXFileReference; fileEncoding = 4; lastKnownFileType = sourcecode.c.h; path = "NSObject+SNExceptionGuarder.h"; sourceTree = "<group>"; };
		719521542200051100624CB4 /* SNExceptionGuarderProtocol.h */ = {isa = PBXFileReference; fileEncoding = 4; lastKnownFileType = sourcecode.c.h; path = SNExceptionGuarderProtocol.h; sourceTree = "<group>"; };
		719521552200051100624CB4 /* NSMutableString+SNExceptionGuarder.h */ = {isa = PBXFileReference; fileEncoding = 4; lastKnownFileType = sourcecode.c.h; path = "NSMutableString+SNExceptionGuarder.h"; sourceTree = "<group>"; };
		719521562200051100624CB4 /* SNExceptionGuarder.h */ = {isa = PBXFileReference; fileEncoding = 4; lastKnownFileType = sourcecode.c.h; path = SNExceptionGuarder.h; sourceTree = "<group>"; };
/* End PBXFileReference section */

/* Begin PBXFrameworksBuildPhase section */
		719521172200043000624CB4 /* Frameworks */ = {
			isa = PBXFrameworksBuildPhase;
			buildActionMask = 2147483647;
			files = (
			);
			runOnlyForDeploymentPostprocessing = 0;
		};
		7195212F2200043100624CB4 /* Frameworks */ = {
			isa = PBXFrameworksBuildPhase;
			buildActionMask = 2147483647;
			files = (
			);
			runOnlyForDeploymentPostprocessing = 0;
		};
/* End PBXFrameworksBuildPhase section */

/* Begin PBXGroup section */
		719521112200043000624CB4 = {
			isa = PBXGroup;
			children = (
				719521412200051100624CB4 /* SNExceptionGuarder */,
				7195211C2200043000624CB4 /* SNExceptionGuarderDemo */,
				719521352200043100624CB4 /* SNExceptionGuarderDemoTests */,
				7195211B2200043000624CB4 /* Products */,
			);
			sourceTree = "<group>";
		};
		7195211B2200043000624CB4 /* Products */ = {
			isa = PBXGroup;
			children = (
				7195211A2200043000624CB4 /* SNExceptionGuarderDemo.app */,
				719521322200043100624CB4 /* SNExceptionGuarderDemoTests.xctest */,
			);
			name = Products;
			sourceTree = "<group>";
		};
		7195211C2200043000624CB4 /* SNExceptionGuarderDemo */ = {
			isa = PBXGroup;
			children = (
				7195211D2200043000624CB4 /* AppDelegate.h */,
				7195211E2200043000624CB4 /* AppDelegate.m */,
				719521202200043000624CB4 /* ViewController.h */,
				719521212200043000624CB4 /* ViewController.m */,
				719521232200043000624CB4 /* Main.storyboard */,
				719521262200043100624CB4 /* Assets.xcassets */,
				719521282200043100624CB4 /* LaunchScreen.storyboard */,
				7195212B2200043100624CB4 /* Info.plist */,
				7195212C2200043100624CB4 /* main.m */,
			);
			path = SNExceptionGuarderDemo;
			sourceTree = "<group>";
		};
		719521352200043100624CB4 /* SNExceptionGuarderDemoTests */ = {
			isa = PBXGroup;
			children = (
				719521362200043100624CB4 /* SNExceptionGuarderDemoTests.m */,
				719521382200043100624CB4 /* Info.plist */,
			);
			path = SNExceptionGuarderDemoTests;
			sourceTree = "<group>";
		};
		719521412200051100624CB4 /* SNExceptionGuarder */ = {
			isa = PBXGroup;
			children = (
				719521562200051100624CB4 /* SNExceptionGuarder.h */,
				7195214A2200051100624CB4 /* SNExceptionGuarder.m */,
				719521542200051100624CB4 /* SNExceptionGuarderProtocol.h */,
				719521432200051100624CB4 /* SNExceptionGuarderProxy.h */,
				7195214D2200051100624CB4 /* SNExceptionGuarderProxy.m */,
				719521462200051100624CB4 /* NSArray+SNExceptionGuarder.h */,
				7195214F2200051100624CB4 /* NSArray+SNExceptionGuarder.m */,
				719521452200051100624CB4 /* NSDictionary+SNExceptionGuarder.h */,
				719521502200051100624CB4 /* NSDictionary+SNExceptionGuarder.m */,
				7195214E2200051100624CB4 /* NSMutableArray+SNExceptionGuarder.h */,
				719521422200051100624CB4 /* NSMutableArray+SNExceptionGuarder.m */,
				719521512200051100624CB4 /* NSMutableDictionary+SNExceptionGuarder.h */,
				719521492200051100624CB4 /* NSMutableDictionary+SNExceptionGuarder.m */,
				719521552200051100624CB4 /* NSMutableString+SNExceptionGuarder.h */,
				7195214B2200051100624CB4 /* NSMutableString+SNExceptionGuarder.m */,
				719521532200051100624CB4 /* NSObject+SNExceptionGuarder.h */,
				719521472200051100624CB4 /* NSObject+SNExceptionGuarder.m */,
				7195214C2200051100624CB4 /* NSObject+SNSwizzle.h */,
				719521442200051100624CB4 /* NSObject+SNSwizzle.m */,
				719521482200051100624CB4 /* NSString+SNExceptionGuarder.h */,
				719521522200051100624CB4 /* NSString+SNExceptionGuarder.m */,
			);
			path = SNExceptionGuarder;
			sourceTree = "<group>";
		};
/* End PBXGroup section */

/* Begin PBXNativeTarget section */
		719521192200043000624CB4 /* SNExceptionGuarderDemo */ = {
			isa = PBXNativeTarget;
			buildConfigurationList = 7195213B2200043100624CB4 /* Build configuration list for PBXNativeTarget "SNExceptionGuarderDemo" */;
			buildPhases = (
				719521162200043000624CB4 /* Sources */,
				719521172200043000624CB4 /* Frameworks */,
				719521182200043000624CB4 /* Resources */,
			);
			buildRules = (
			);
			dependencies = (
			);
			name = SNExceptionGuarderDemo;
			productName = SNExceptionGuarderDemo;
			productReference = 7195211A2200043000624CB4 /* SNExceptionGuarderDemo.app */;
			productType = "com.apple.product-type.application";
		};
		719521312200043100624CB4 /* SNExceptionGuarderDemoTests */ = {
			isa = PBXNativeTarget;
			buildConfigurationList = 7195213E2200043100624CB4 /* Build configuration list for PBXNativeTarget "SNExceptionGuarderDemoTests" */;
			buildPhases = (
				7195212E2200043100624CB4 /* Sources */,
				7195212F2200043100624CB4 /* Frameworks */,
				719521302200043100624CB4 /* Resources */,
			);
			buildRules = (
			);
			dependencies = (
				719521342200043100624CB4 /* PBXTargetDependency */,
			);
			name = SNExceptionGuarderDemoTests;
			productName = SNExceptionGuarderDemoTests;
			productReference = 719521322200043100624CB4 /* SNExceptionGuarderDemoTests.xctest */;
			productType = "com.apple.product-type.bundle.unit-test";
		};
/* End PBXNativeTarget section */

/* Begin PBXProject section */
		719521122200043000624CB4 /* Project object */ = {
			isa = PBXProject;
			attributes = {
				LastUpgradeCheck = 1000;
				ORGANIZATIONNAME = "Ning Sun";
				TargetAttributes = {
					719521192200043000624CB4 = {
						CreatedOnToolsVersion = 10.0;
					};
					719521312200043100624CB4 = {
						CreatedOnToolsVersion = 10.0;
						TestTargetID = 719521192200043000624CB4;
					};
				};
			};
			buildConfigurationList = 719521152200043000624CB4 /* Build configuration list for PBXProject "SNExceptionGuarderDemo" */;
			compatibilityVersion = "Xcode 9.3";
			developmentRegion = en;
			hasScannedForEncodings = 0;
			knownRegions = (
				en,
				Base,
			);
			mainGroup = 719521112200043000624CB4;
			productRefGroup = 7195211B2200043000624CB4 /* Products */;
			projectDirPath = "";
			projectRoot = "";
			targets = (
				719521192200043000624CB4 /* SNExceptionGuarderDemo */,
				719521312200043100624CB4 /* SNExceptionGuarderDemoTests */,
			);
		};
/* End PBXProject section */

/* Begin PBXResourcesBuildPhase section */
		719521182200043000624CB4 /* Resources */ = {
			isa = PBXResourcesBuildPhase;
			buildActionMask = 2147483647;
			files = (
				7195212A2200043100624CB4 /* LaunchScreen.storyboard in Resources */,
				719521272200043100624CB4 /* Assets.xcassets in Resources */,
				719521252200043000624CB4 /* Main.storyboard in Resources */,
			);
			runOnlyForDeploymentPostprocessing = 0;
		};
		719521302200043100624CB4 /* Resources */ = {
			isa = PBXResourcesBuildPhase;
			buildActionMask = 2147483647;
			files = (
			);
			runOnlyForDeploymentPostprocessing = 0;
		};
/* End PBXResourcesBuildPhase section */

/* Begin PBXSourcesBuildPhase section */
		719521162200043000624CB4 /* Sources */ = {
			isa = PBXSourcesBuildPhase;
			buildActionMask = 2147483647;
			files = (
				719521602200051100624CB4 /* NSString+SNExceptionGuarder.m in Sources */,
				719521592200051100624CB4 /* NSObject+SNExceptionGuarder.m in Sources */,
				7195215C2200051100624CB4 /* NSMutableString+SNExceptionGuarder.m in Sources */,
				719521222200043000624CB4 /* ViewController.m in Sources */,
				7195215E2200051100624CB4 /* NSArray+SNExceptionGuarder.m in Sources */,
				7195215D2200051100624CB4 /* SNExceptionGuarderProxy.m in Sources */,
				7195215F2200051100624CB4 /* NSDictionary+SNExceptionGuarder.m in Sources */,
				7195212D2200043100624CB4 /* main.m in Sources */,
				7195215A2200051100624CB4 /* NSMutableDictionary+SNExceptionGuarder.m in Sources */,
				719521572200051100624CB4 /* NSMutableArray+SNExceptionGuarder.m in Sources */,
				7195211F2200043000624CB4 /* AppDelegate.m in Sources */,
				7195215B2200051100624CB4 /* SNExceptionGuarder.m in Sources */,
				719521582200051100624CB4 /* NSObject+SNSwizzle.m in Sources */,
			);
			runOnlyForDeploymentPostprocessing = 0;
		};
		7195212E2200043100624CB4 /* Sources */ = {
			isa = PBXSourcesBuildPhase;
			buildActionMask = 2147483647;
			files = (
				719521372200043100624CB4 /* SNExceptionGuarderDemoTests.m in Sources */,
			);
			runOnlyForDeploymentPostprocessing = 0;
		};
/* End PBXSourcesBuildPhase section */

/* Begin PBXTargetDependency section */
		719521342200043100624CB4 /* PBXTargetDependency */ = {
			isa = PBXTargetDependency;
			target = 719521192200043000624CB4 /* SNExceptionGuarderDemo */;
			targetProxy = 719521332200043100624CB4 /* PBXContainerItemProxy */;
		};
/* End PBXTargetDependency section */

/* Begin PBXVariantGroup section */
		719521232200043000624CB4 /* Main.storyboard */ = {
			isa = PBXVariantGroup;
			children = (
				719521242200043000624CB4 /* Base */,
			);
			name = Main.storyboard;
			sourceTree = "<group>";
		};
		719521282200043100624CB4 /* LaunchScreen.storyboard */ = {
			isa = PBXVariantGroup;
			children = (
				719521292200043100624CB4 /* Base */,
			);
			name = LaunchScreen.storyboard;
			sourceTree = "<group>";
		};
/* End PBXVariantGroup section */

/* Begin XCBuildConfiguration section */
		719521392200043100624CB4 /* Debug */ = {
			isa = XCBuildConfiguration;
			buildSettings = {
				ALWAYS_SEARCH_USER_PATHS = NO;
				CLANG_ANALYZER_NONNULL = YES;
				CLANG_ANALYZER_NUMBER_OBJECT_CONVERSION = YES_AGGRESSIVE;
				CLANG_CXX_LANGUAGE_STANDARD = "gnu++14";
				CLANG_CXX_LIBRARY = "libc++";
				CLANG_ENABLE_MODULES = YES;
				CLANG_ENABLE_OBJC_ARC = YES;
				CLANG_ENABLE_OBJC_WEAK = YES;
				CLANG_WARN_BLOCK_CAPTURE_AUTORELEASING = YES;
				CLANG_WARN_BOOL_CONVERSION = YES;
				CLANG_WARN_COMMA = YES;
				CLANG_WARN_CONSTANT_CONVERSION = YES;
				CLANG_WARN_DEPRECATED_OBJC_IMPLEMENTATIONS = YES;
				CLANG_WARN_DIRECT_OBJC_ISA_USAGE = YES_ERROR;
				CLANG_WARN_DOCUMENTATION_COMMENTS = YES;
				CLANG_WARN_EMPTY_BODY = YES;
				CLANG_WARN_ENUM_CONVERSION = YES;
				CLANG_WARN_INFINITE_RECURSION = YES;
				CLANG_WARN_INT_CONVERSION = YES;
				CLANG_WARN_NON_LITERAL_NULL_CONVERSION = YES;
				CLANG_WARN_OBJC_IMPLICIT_RETAIN_SELF = YES;
				CLANG_WARN_OBJC_LITERAL_CONVERSION = YES;
				CLANG_WARN_OBJC_ROOT_CLASS = YES_ERROR;
				CLANG_WARN_RANGE_LOOP_ANALYSIS = YES;
				CLANG_WARN_STRICT_PROTOTYPES = YES;
				CLANG_WARN_SUSPICIOUS_MOVE = YES;
				CLANG_WARN_UNGUARDED_AVAILABILITY = YES_AGGRESSIVE;
				CLANG_WARN_UNREACHABLE_CODE = YES;
				CLANG_WARN__DUPLICATE_METHOD_MATCH = YES;
				CODE_SIGN_IDENTITY = "iPhone Developer";
				COPY_PHASE_STRIP = NO;
				DEBUG_INFORMATION_FORMAT = dwarf;
				ENABLE_STRICT_OBJC_MSGSEND = YES;
				ENABLE_TESTABILITY = YES;
				GCC_C_LANGUAGE_STANDARD = gnu11;
				GCC_DYNAMIC_NO_PIC = NO;
				GCC_NO_COMMON_BLOCKS = YES;
				GCC_OPTIMIZATION_LEVEL = 0;
				GCC_PREPROCESSOR_DEFINITIONS = (
					"DEBUG=1",
					"$(inherited)",
				);
				GCC_WARN_64_TO_32_BIT_CONVERSION = YES;
				GCC_WARN_ABOUT_RETURN_TYPE = YES_ERROR;
				GCC_WARN_UNDECLARED_SELECTOR = YES;
				GCC_WARN_UNINITIALIZED_AUTOS = YES_AGGRESSIVE;
				GCC_WARN_UNUSED_FUNCTION = YES;
				GCC_WARN_UNUSED_VARIABLE = YES;
				IPHONEOS_DEPLOYMENT_TARGET = 12.0;
				MTL_ENABLE_DEBUG_INFO = INCLUDE_SOURCE;
				MTL_FAST_MATH = YES;
				ONLY_ACTIVE_ARCH = YES;
				SDKROOT = iphoneos;
			};
			name = Debug;
		};
		7195213A2200043100624CB4 /* Release */ = {
			isa = XCBuildConfiguration;
			buildSettings = {
				ALWAYS_SEARCH_USER_PATHS = NO;
				CLANG_ANALYZER_NONNULL = YES;
				CLANG_ANALYZER_NUMBER_OBJECT_CONVERSION = YES_AGGRESSIVE;
				CLANG_CXX_LANGUAGE_STANDARD = "gnu++14";
				CLANG_CXX_LIBRARY = "libc++";
				CLANG_ENABLE_MODULES = YES;
				CLANG_ENABLE_OBJC_ARC = YES;
				CLANG_ENABLE_OBJC_WEAK = YES;
				CLANG_WARN_BLOCK_CAPTURE_AUTORELEASING = YES;
				CLANG_WARN_BOOL_CONVERSION = YES;
				CLANG_WARN_COMMA = YES;
				CLANG_WARN_CONSTANT_CONVERSION = YES;
				CLANG_WARN_DEPRECATED_OBJC_IMPLEMENTATIONS = YES;
				CLANG_WARN_DIRECT_OBJC_ISA_USAGE = YES_ERROR;
				CLANG_WARN_DOCUMENTATION_COMMENTS = YES;
				CLANG_WARN_EMPTY_BODY = YES;
				CLANG_WARN_ENUM_CONVERSION = YES;
				CLANG_WARN_INFINITE_RECURSION = YES;
				CLANG_WARN_INT_CONVERSION = YES;
				CLANG_WARN_NON_LITERAL_NULL_CONVERSION = YES;
				CLANG_WARN_OBJC_IMPLICIT_RETAIN_SELF = YES;
				CLANG_WARN_OBJC_LITERAL_CONVERSION = YES;
				CLANG_WARN_OBJC_ROOT_CLASS = YES_ERROR;
				CLANG_WARN_RANGE_LOOP_ANALYSIS = YES;
				CLANG_WARN_STRICT_PROTOTYPES = YES;
				CLANG_WARN_SUSPICIOUS_MOVE = YES;
				CLANG_WARN_UNGUARDED_AVAILABILITY = YES_AGGRESSIVE;
				CLANG_WARN_UNREACHABLE_CODE = YES;
				CLANG_WARN__DUPLICATE_METHOD_MATCH = YES;
				CODE_SIGN_IDENTITY = "iPhone Developer";
				COPY_PHASE_STRIP = NO;
				DEBUG_INFORMATION_FORMAT = "dwarf-with-dsym";
				ENABLE_NS_ASSERTIONS = NO;
				ENABLE_STRICT_OBJC_MSGSEND = YES;
				GCC_C_LANGUAGE_STANDARD = gnu11;
				GCC_NO_COMMON_BLOCKS = YES;
				GCC_WARN_64_TO_32_BIT_CONVERSION = YES;
				GCC_WARN_ABOUT_RETURN_TYPE = YES_ERROR;
				GCC_WARN_UNDECLARED_SELECTOR = YES;
				GCC_WARN_UNINITIALIZED_AUTOS = YES_AGGRESSIVE;
				GCC_WARN_UNUSED_FUNCTION = YES;
				GCC_WARN_UNUSED_VARIABLE = YES;
				IPHONEOS_DEPLOYMENT_TARGET = 12.0;
				MTL_ENABLE_DEBUG_INFO = NO;
				MTL_FAST_MATH = YES;
				SDKROOT = iphoneos;
				VALIDATE_PRODUCT = YES;
			};
			name = Release;
		};
		7195213C2200043100624CB4 /* Debug */ = {
			isa = XCBuildConfiguration;
			buildSettings = {
				ASSETCATALOG_COMPILER_APPICON_NAME = AppIcon;
				CODE_SIGN_STYLE = Automatic;
				DEVELOPMENT_TEAM = SN9E8BX4SG;
				INFOPLIST_FILE = SNExceptionGuarderDemo/Info.plist;
				LD_RUNPATH_SEARCH_PATHS = (
					"$(inherited)",
					"@executable_path/Frameworks",
				);
				PRODUCT_BUNDLE_IDENTIFIER = test.ningsun.com.SNExceptionGuarderDemo;
				PRODUCT_NAME = "$(TARGET_NAME)";
				TARGETED_DEVICE_FAMILY = "1,2";
			};
			name = Debug;
		};
		7195213D2200043100624CB4 /* Release */ = {
			isa = XCBuildConfiguration;
			buildSettings = {
				ASSETCATALOG_COMPILER_APPICON_NAME = AppIcon;
				CODE_SIGN_STYLE = Automatic;
				DEVELOPMENT_TEAM = SN9E8BX4SG;
				INFOPLIST_FILE = SNExceptionGuarderDemo/Info.plist;
				LD_RUNPATH_SEARCH_PATHS = (
					"$(inherited)",
					"@executable_path/Frameworks",
				);
				PRODUCT_BUNDLE_IDENTIFIER = test.ningsun.com.SNExceptionGuarderDemo;
				PRODUCT_NAME = "$(TARGET_NAME)";
				TARGETED_DEVICE_FAMILY = "1,2";
			};
			name = Release;
		};
		7195213F2200043100624CB4 /* Debug */ = {
			isa = XCBuildConfiguration;
			buildSettings = {
				BUNDLE_LOADER = "$(TEST_HOST)";
				CODE_SIGN_STYLE = Automatic;
				DEVELOPMENT_TEAM = SN9E8BX4SG;
				INFOPLIST_FILE = SNExceptionGuarderDemoTests/Info.plist;
				LD_RUNPATH_SEARCH_PATHS = (
					"$(inherited)",
					"@executable_path/Frameworks",
					"@loader_path/Frameworks",
				);
				PRODUCT_BUNDLE_IDENTIFIER = test.ningsun.com.SNExceptionGuarderDemoTests;
				PRODUCT_NAME = "$(TARGET_NAME)";
				TARGETED_DEVICE_FAMILY = "1,2";
				TEST_HOST = "$(BUILT_PRODUCTS_DIR)/SNExceptionGuarderDemo.app/SNExceptionGuarderDemo";
			};
			name = Debug;
		};
		719521402200043100624CB4 /* Release */ = {
			isa = XCBuildConfiguration;
			buildSettings = {
				BUNDLE_LOADER = "$(TEST_HOST)";
				CODE_SIGN_STYLE = Automatic;
				DEVELOPMENT_TEAM = SN9E8BX4SG;
				INFOPLIST_FILE = SNExceptionGuarderDemoTests/Info.plist;
				LD_RUNPATH_SEARCH_PATHS = (
					"$(inherited)",
					"@executable_path/Frameworks",
					"@loader_path/Frameworks",
				);
				PRODUCT_BUNDLE_IDENTIFIER = test.ningsun.com.SNExceptionGuarderDemoTests;
				PRODUCT_NAME = "$(TARGET_NAME)";
				TARGETED_DEVICE_FAMILY = "1,2";
				TEST_HOST = "$(BUILT_PRODUCTS_DIR)/SNExceptionGuarderDemo.app/SNExceptionGuarderDemo";
			};
			name = Release;
		};
/* End XCBuildConfiguration section */

/* Begin XCConfigurationList section */
		719521152200043000624CB4 /* Build configuration list for PBXProject "SNExceptionGuarderDemo" */ = {
			isa = XCConfigurationList;
			buildConfigurations = (
				719521392200043100624CB4 /* Debug */,
				7195213A2200043100624CB4 /* Release */,
			);
			defaultConfigurationIsVisible = 0;
			defaultConfigurationName = Release;
		};
		7195213B2200043100624CB4 /* Build configuration list for PBXNativeTarget "SNExceptionGuarderDemo" */ = {
			isa = XCConfigurationList;
			buildConfigurations = (
				7195213C2200043100624CB4 /* Debug */,
				7195213D2200043100624CB4 /* Release */,
			);
			defaultConfigurationIsVisible = 0;
			defaultConfigurationName = Release;
		};
		7195213E2200043100624CB4 /* Build configuration list for PBXNativeTarget "SNExceptionGuarderDemoTests" */ = {
			isa = XCConfigurationList;
			buildConfigurations = (
				7195213F2200043100624CB4 /* Debug */,
				719521402200043100624CB4 /* Release */,
			);
			defaultConfigurationIsVisible = 0;
			defaultConfigurationName = Release;
		};
/* End XCConfigurationList section */
	};
	rootObject = 719521122200043000624CB4 /* Project object */;
}
